
Microsoft Visual Studio Solution File, Format Version 12.00
# Visual Studio Version 17
VisualStudioVersion = 17.5.002.0
MinimumVisualStudioVersion = 10.0.40219.1
Project("{9A19103F-16F7-4668-BE54-9A1E7A4F7556}") = "adventOfCode", "adventOfCode\adventOfCode.csproj", "{05944BB6-6BCA-40FF-9D0A-A9034F10C21C}"
EndProject
Project("{9A19103F-16F7-4668-BE54-9A1E7A4F7556}") = "classW", "classW\classW.csproj", "{7F3EE90B-68C6-4D09-95A3-DC515D8AC717}"
EndProject
Project("{9A19103F-16F7-4668-BE54-9A1E7A4F7556}") = "ukol", "ukol\ukol.csproj", "{63A6A304-D202-46A5-9FB8-7333CD02B931}"
EndProject
Project("{9A19103F-16F7-4668-BE54-9A1E7A4F7556}") = "ukol_real", "ukol_real\ukol_real.csproj", "{9D479CC8-0E10-4ADA-81BE-11D5B2200898}"
EndProject
Global
	GlobalSection(SolutionConfigurationPlatforms) = preSolution
		Debug|Any CPU = Debug|Any CPU
		Release|Any CPU = Release|Any CPU
	EndGlobalSection
	GlobalSection(ProjectConfigurationPlatforms) = postSolution
		{05944BB6-6BCA-40FF-9D0A-A9034F10C21C}.Debug|Any CPU.ActiveCfg = Debug|Any CPU
		{05944BB6-6BCA-40FF-9D0A-A9034F10C21C}.Debug|Any CPU.Build.0 = Debug|Any CPU
		{05944BB6-6BCA-40FF-9D0A-A9034F10C21C}.Release|Any CPU.ActiveCfg = Release|Any CPU
		{05944BB6-6BCA-40FF-9D0A-A9034F10C21C}.Release|Any CPU.Build.0 = Release|Any CPU
		{7F3EE90B-68C6-4D09-95A3-DC515D8AC717}.Debug|Any CPU.ActiveCfg = Debug|Any CPU
		{7F3EE90B-68C6-4D09-95A3-DC515D8AC717}.Debug|Any CPU.Build.0 = Debug|Any CPU
		{7F3EE90B-68C6-4D09-95A3-DC515D8AC717}.Release|Any CPU.ActiveCfg = Release|Any CPU
		{7F3EE90B-68C6-4D09-95A3-DC515D8AC717}.Release|Any CPU.Build.0 = Release|Any CPU
		{63A6A304-D202-46A5-9FB8-7333CD02B931}.Debug|Any CPU.ActiveCfg = Debug|Any CPU
		{63A6A304-D202-46A5-9FB8-7333CD02B931}.Debug|Any CPU.Build.0 = Debug|Any CPU
		{63A6A304-D202-46A5-9FB8-7333CD02B931}.Release|Any CPU.ActiveCfg = Release|Any CPU
		{63A6A304-D202-46A5-9FB8-7333CD02B931}.Release|Any CPU.Build.0 = Release|Any CPU
		{9D479CC8-0E10-4ADA-81BE-11D5B2200898}.Debug|Any CPU.ActiveCfg = Debug|Any CPU
		{9D479CC8-0E10-4ADA-81BE-11D5B2200898}.Debug|Any CPU.Build.0 = Debug|Any CPU
		{9D479CC8-0E10-4ADA-81BE-11D5B2200898}.Release|Any CPU.ActiveCfg = Release|Any CPU
		{9D479CC8-0E10-4ADA-81BE-11D5B2200898}.Release|Any CPU.Build.0 = Release|Any CPU
	EndGlobalSection
	GlobalSection(SolutionProperties) = preSolution
		HideSolutionNode = FALSE
	EndGlobalSection
	GlobalSection(ExtensibilityGlobals) = postSolution
		SolutionGuid = {C9E0C3E3-A18E-47B6-A8B6-A7864AA3C979}
	EndGlobalSection
EndGlobal
