
Microsoft Visual Studio Solution File, Format Version 12.00
# Visual Studio Version 17
VisualStudioVersion = 17.5.002.0
MinimumVisualStudioVersion = 10.0.40219.1
Project("{9A19103F-16F7-4668-BE54-9A1E7A4F7556}") = "adventOfCode", "adventOfCode\adventOfCode.csproj", "{C187B0C3-0C6E-4D64-AA1E-B15C9E26111B}"
EndProject
Project("{9A19103F-16F7-4668-BE54-9A1E7A4F7556}") = "charsheet", "charsheet\charsheet.csproj", "{9067CC7D-2D34-43F2-833A-BAB0F8A7F440}"
EndProject
Project("{9A19103F-16F7-4668-BE54-9A1E7A4F7556}") = "classW", "classW\classW.csproj", "{8B70C3B9-76AD-4F27-BF54-FF4831EC7011}"
EndProject
Project("{9A19103F-16F7-4668-BE54-9A1E7A4F7556}") = "game", "game\game.csproj", "{5CFD2249-64B9-4B6F-812C-CAE1ED4B9846}"
EndProject
Project("{9A19103F-16F7-4668-BE54-9A1E7A4F7556}") = "game1", "game1\game1.csproj", "{71661933-72BD-475D-8665-0B6006CA70C8}"
EndProject
Project("{9A19103F-16F7-4668-BE54-9A1E7A4F7556}") = "game2", "game2\game2.csproj", "{A45E2DDF-A657-43F3-9817-88FB1D03B40D}"
EndProject
Project("{9A19103F-16F7-4668-BE54-9A1E7A4F7556}") = "game3", "game3\game3.csproj", "{93A5C4D7-9331-49E3-8020-E35A24EF65C9}"
EndProject
Project("{9A19103F-16F7-4668-BE54-9A1E7A4F7556}") = "_school", "testpage\_school.csproj", "{D76A59E4-0E28-4275-AEB7-61C2F624BE9F}"
EndProject
Project("{9A19103F-16F7-4668-BE54-9A1E7A4F7556}") = "ukol", "ukol\ukol.csproj", "{64B7FB46-A39B-43B6-8E4F-881104B2D8FA}"
EndProject
Project("{9A19103F-16F7-4668-BE54-9A1E7A4F7556}") = "ukol_classes", "ukol_classes\ukol_classes.csproj", "{362B5826-EBBB-44C4-9EFA-D2872F724D68}"
EndProject
Project("{9A19103F-16F7-4668-BE54-9A1E7A4F7556}") = "ukol_real", "ukol_real\ukol_real.csproj", "{B8E0DB05-D533-49A6-B7DE-0DB8172BCCD0}"
EndProject
Global
	GlobalSection(SolutionConfigurationPlatforms) = preSolution
		Debug|Any CPU = Debug|Any CPU
		Release|Any CPU = Release|Any CPU
	EndGlobalSection
	GlobalSection(ProjectConfigurationPlatforms) = postSolution
		{C187B0C3-0C6E-4D64-AA1E-B15C9E26111B}.Debug|Any CPU.ActiveCfg = Debug|Any CPU
		{C187B0C3-0C6E-4D64-AA1E-B15C9E26111B}.Debug|Any CPU.Build.0 = Debug|Any CPU
		{C187B0C3-0C6E-4D64-AA1E-B15C9E26111B}.Release|Any CPU.ActiveCfg = Release|Any CPU
		{C187B0C3-0C6E-4D64-AA1E-B15C9E26111B}.Release|Any CPU.Build.0 = Release|Any CPU
		{9067CC7D-2D34-43F2-833A-BAB0F8A7F440}.Debug|Any CPU.ActiveCfg = Debug|Any CPU
		{9067CC7D-2D34-43F2-833A-BAB0F8A7F440}.Debug|Any CPU.Build.0 = Debug|Any CPU
		{9067CC7D-2D34-43F2-833A-BAB0F8A7F440}.Release|Any CPU.ActiveCfg = Release|Any CPU
		{9067CC7D-2D34-43F2-833A-BAB0F8A7F440}.Release|Any CPU.Build.0 = Release|Any CPU
		{8B70C3B9-76AD-4F27-BF54-FF4831EC7011}.Debug|Any CPU.ActiveCfg = Debug|Any CPU
		{8B70C3B9-76AD-4F27-BF54-FF4831EC7011}.Debug|Any CPU.Build.0 = Debug|Any CPU
		{8B70C3B9-76AD-4F27-BF54-FF4831EC7011}.Release|Any CPU.ActiveCfg = Release|Any CPU
		{8B70C3B9-76AD-4F27-BF54-FF4831EC7011}.Release|Any CPU.Build.0 = Release|Any CPU
		{5CFD2249-64B9-4B6F-812C-CAE1ED4B9846}.Debug|Any CPU.ActiveCfg = Debug|Any CPU
		{5CFD2249-64B9-4B6F-812C-CAE1ED4B9846}.Debug|Any CPU.Build.0 = Debug|Any CPU
		{5CFD2249-64B9-4B6F-812C-CAE1ED4B9846}.Release|Any CPU.ActiveCfg = Release|Any CPU
		{5CFD2249-64B9-4B6F-812C-CAE1ED4B9846}.Release|Any CPU.Build.0 = Release|Any CPU
		{71661933-72BD-475D-8665-0B6006CA70C8}.Debug|Any CPU.ActiveCfg = Debug|Any CPU
		{71661933-72BD-475D-8665-0B6006CA70C8}.Debug|Any CPU.Build.0 = Debug|Any CPU
		{71661933-72BD-475D-8665-0B6006CA70C8}.Release|Any CPU.ActiveCfg = Release|Any CPU
		{71661933-72BD-475D-8665-0B6006CA70C8}.Release|Any CPU.Build.0 = Release|Any CPU
		{A45E2DDF-A657-43F3-9817-88FB1D03B40D}.Debug|Any CPU.ActiveCfg = Debug|Any CPU
		{A45E2DDF-A657-43F3-9817-88FB1D03B40D}.Debug|Any CPU.Build.0 = Debug|Any CPU
		{A45E2DDF-A657-43F3-9817-88FB1D03B40D}.Release|Any CPU.ActiveCfg = Release|Any CPU
		{A45E2DDF-A657-43F3-9817-88FB1D03B40D}.Release|Any CPU.Build.0 = Release|Any CPU
		{93A5C4D7-9331-49E3-8020-E35A24EF65C9}.Debug|Any CPU.ActiveCfg = Debug|Any CPU
		{93A5C4D7-9331-49E3-8020-E35A24EF65C9}.Debug|Any CPU.Build.0 = Debug|Any CPU
		{93A5C4D7-9331-49E3-8020-E35A24EF65C9}.Release|Any CPU.ActiveCfg = Release|Any CPU
		{93A5C4D7-9331-49E3-8020-E35A24EF65C9}.Release|Any CPU.Build.0 = Release|Any CPU
		{D76A59E4-0E28-4275-AEB7-61C2F624BE9F}.Debug|Any CPU.ActiveCfg = Debug|Any CPU
		{D76A59E4-0E28-4275-AEB7-61C2F624BE9F}.Debug|Any CPU.Build.0 = Debug|Any CPU
		{D76A59E4-0E28-4275-AEB7-61C2F624BE9F}.Release|Any CPU.ActiveCfg = Release|Any CPU
		{D76A59E4-0E28-4275-AEB7-61C2F624BE9F}.Release|Any CPU.Build.0 = Release|Any CPU
		{64B7FB46-A39B-43B6-8E4F-881104B2D8FA}.Debug|Any CPU.ActiveCfg = Debug|Any CPU
		{64B7FB46-A39B-43B6-8E4F-881104B2D8FA}.Debug|Any CPU.Build.0 = Debug|Any CPU
		{64B7FB46-A39B-43B6-8E4F-881104B2D8FA}.Release|Any CPU.ActiveCfg = Release|Any CPU
		{64B7FB46-A39B-43B6-8E4F-881104B2D8FA}.Release|Any CPU.Build.0 = Release|Any CPU
		{362B5826-EBBB-44C4-9EFA-D2872F724D68}.Debug|Any CPU.ActiveCfg = Debug|Any CPU
		{362B5826-EBBB-44C4-9EFA-D2872F724D68}.Debug|Any CPU.Build.0 = Debug|Any CPU
		{362B5826-EBBB-44C4-9EFA-D2872F724D68}.Release|Any CPU.ActiveCfg = Release|Any CPU
		{362B5826-EBBB-44C4-9EFA-D2872F724D68}.Release|Any CPU.Build.0 = Release|Any CPU
		{B8E0DB05-D533-49A6-B7DE-0DB8172BCCD0}.Debug|Any CPU.ActiveCfg = Debug|Any CPU
		{B8E0DB05-D533-49A6-B7DE-0DB8172BCCD0}.Debug|Any CPU.Build.0 = Debug|Any CPU
		{B8E0DB05-D533-49A6-B7DE-0DB8172BCCD0}.Release|Any CPU.ActiveCfg = Release|Any CPU
		{B8E0DB05-D533-49A6-B7DE-0DB8172BCCD0}.Release|Any CPU.Build.0 = Release|Any CPU
	EndGlobalSection
	GlobalSection(SolutionProperties) = preSolution
		HideSolutionNode = FALSE
	EndGlobalSection
	GlobalSection(ExtensibilityGlobals) = postSolution
		SolutionGuid = {4D136FBA-8D24-4096-A8C0-9564E88EA190}
	EndGlobalSection
EndGlobal
