
Microsoft Visual Studio Solution File, Format Version 12.00
# Visual Studio Version 17
VisualStudioVersion = 17.0.31903.59
MinimumVisualStudioVersion = 10.0.40219.1
Project("{FAE04EC0-301F-11D3-BF4B-00C04F79EFBC}") = "login", "login\login.csproj", "{0AB17B10-AA85-42C5-AD87-E8C48B8D20EE}"
EndProject
Project("{FAE04EC0-301F-11D3-BF4B-00C04F79EFBC}") = "gameroom1", "gameroom1\gameroom1.csproj", "{64463D4B-743E-4BF6-A27D-69B598C220FB}"
EndProject
Project("{FAE04EC0-301F-11D3-BF4B-00C04F79EFBC}") = "draw1", "draw1\draw1.csproj", "{E04CCCBC-C17C-49D3-A9AE-2D21DD83B3A7}"
EndProject
Project("{FAE04EC0-301F-11D3-BF4B-00C04F79EFBC}") = "gametest", "gametest\gametest.csproj", "{A94441E0-76B2-41E2-8A00-A536BDCB432A}"
EndProject
Project("{FAE04EC0-301F-11D3-BF4B-00C04F79EFBC}") = "pocita1", "pocita1\pocita1.csproj", "{3A1621D7-4EB3-4FDF-8703-DD6A4F2EE8B3}"
EndProject
Project("{FAE04EC0-301F-11D3-BF4B-00C04F79EFBC}") = "calc1", "calc1\calc1.csproj", "{BB628CAF-D583-4195-8577-2CD309C63B87}"
EndProject
Global
	GlobalSection(SolutionConfigurationPlatforms) = preSolution
		Debug|Any CPU = Debug|Any CPU
		Release|Any CPU = Release|Any CPU
	EndGlobalSection
	GlobalSection(SolutionProperties) = preSolution
		HideSolutionNode = FALSE
	EndGlobalSection
	GlobalSection(ProjectConfigurationPlatforms) = postSolution
		{0AB17B10-AA85-42C5-AD87-E8C48B8D20EE}.Debug|Any CPU.ActiveCfg = Debug|Any CPU
		{0AB17B10-AA85-42C5-AD87-E8C48B8D20EE}.Debug|Any CPU.Build.0 = Debug|Any CPU
		{0AB17B10-AA85-42C5-AD87-E8C48B8D20EE}.Release|Any CPU.ActiveCfg = Release|Any CPU
		{0AB17B10-AA85-42C5-AD87-E8C48B8D20EE}.Release|Any CPU.Build.0 = Release|Any CPU
		{64463D4B-743E-4BF6-A27D-69B598C220FB}.Debug|Any CPU.ActiveCfg = Debug|Any CPU
		{64463D4B-743E-4BF6-A27D-69B598C220FB}.Debug|Any CPU.Build.0 = Debug|Any CPU
		{64463D4B-743E-4BF6-A27D-69B598C220FB}.Release|Any CPU.ActiveCfg = Release|Any CPU
		{64463D4B-743E-4BF6-A27D-69B598C220FB}.Release|Any CPU.Build.0 = Release|Any CPU
		{E04CCCBC-C17C-49D3-A9AE-2D21DD83B3A7}.Debug|Any CPU.ActiveCfg = Debug|Any CPU
		{E04CCCBC-C17C-49D3-A9AE-2D21DD83B3A7}.Debug|Any CPU.Build.0 = Debug|Any CPU
		{E04CCCBC-C17C-49D3-A9AE-2D21DD83B3A7}.Release|Any CPU.ActiveCfg = Release|Any CPU
		{E04CCCBC-C17C-49D3-A9AE-2D21DD83B3A7}.Release|Any CPU.Build.0 = Release|Any CPU
		{A94441E0-76B2-41E2-8A00-A536BDCB432A}.Debug|Any CPU.ActiveCfg = Debug|Any CPU
		{A94441E0-76B2-41E2-8A00-A536BDCB432A}.Debug|Any CPU.Build.0 = Debug|Any CPU
		{A94441E0-76B2-41E2-8A00-A536BDCB432A}.Release|Any CPU.ActiveCfg = Release|Any CPU
		{A94441E0-76B2-41E2-8A00-A536BDCB432A}.Release|Any CPU.Build.0 = Release|Any CPU
		{3A1621D7-4EB3-4FDF-8703-DD6A4F2EE8B3}.Debug|Any CPU.ActiveCfg = Debug|Any CPU
		{3A1621D7-4EB3-4FDF-8703-DD6A4F2EE8B3}.Debug|Any CPU.Build.0 = Debug|Any CPU
		{3A1621D7-4EB3-4FDF-8703-DD6A4F2EE8B3}.Release|Any CPU.ActiveCfg = Release|Any CPU
		{3A1621D7-4EB3-4FDF-8703-DD6A4F2EE8B3}.Release|Any CPU.Build.0 = Release|Any CPU
		{BB628CAF-D583-4195-8577-2CD309C63B87}.Debug|Any CPU.ActiveCfg = Debug|Any CPU
		{BB628CAF-D583-4195-8577-2CD309C63B87}.Debug|Any CPU.Build.0 = Debug|Any CPU
		{BB628CAF-D583-4195-8577-2CD309C63B87}.Release|Any CPU.ActiveCfg = Release|Any CPU
		{BB628CAF-D583-4195-8577-2CD309C63B87}.Release|Any CPU.Build.0 = Release|Any CPU
	EndGlobalSection
EndGlobal
